
Microsoft Visual Studio Solution File, Format Version 12.00
# Visual Studio Version 17
VisualStudioVersion = 17.9.34728.123
MinimumVisualStudioVersion = 10.0.40219.1
Project("{FAE04EC0-301F-11D3-BF4B-00C04F79EFBC}") = "First_C#_APP", "First_C#_APP\First_C#_APP.csproj", "{E6190593-0177-41D0-B844-AACDC45A8549}"
EndProject
Global
	GlobalSection(SolutionConfigurationPlatforms) = preSolution
		Debug|Any CPU = Debug|Any CPU
		Release|Any CPU = Release|Any CPU
	EndGlobalSection
	GlobalSection(ProjectConfigurationPlatforms) = postSolution
		{E6190593-0177-41D0-B844-AACDC45A8549}.Debug|Any CPU.ActiveCfg = Debug|Any CPU
		{E6190593-0177-41D0-B844-AACDC45A8549}.Debug|Any CPU.Build.0 = Debug|Any CPU
		{E6190593-0177-41D0-B844-AACDC45A8549}.Release|Any CPU.ActiveCfg = Release|Any CPU
		{E6190593-0177-41D0-B844-AACDC45A8549}.Release|Any CPU.Build.0 = Release|Any CPU
	EndGlobalSection
	GlobalSection(SolutionProperties) = preSolution
		HideSolutionNode = FALSE
	EndGlobalSection
	GlobalSection(ExtensibilityGlobals) = postSolution
		SolutionGuid = {2D2F8E8B-A84B-4555-ADCD-C320EAC7BED9}
	EndGlobalSection
EndGlobal
