
Microsoft Visual Studio Solution File, Format Version 12.00
# Visual Studio Version 17
VisualStudioVersion = 17.9.34728.123
MinimumVisualStudioVersion = 10.0.40219.1
Project("{FAE04EC0-301F-11D3-BF4B-00C04F79EFBC}") = "ConsoleApp8", "ConsoleApp8\ConsoleApp8.csproj", "{8A265175-3AA1-4777-9FDA-668B2E4A61D0}"
EndProject
Global
	GlobalSection(SolutionConfigurationPlatforms) = preSolution
		Debug|Any CPU = Debug|Any CPU
		Release|Any CPU = Release|Any CPU
	EndGlobalSection
	GlobalSection(ProjectConfigurationPlatforms) = postSolution
		{8A265175-3AA1-4777-9FDA-668B2E4A61D0}.Debug|Any CPU.ActiveCfg = Debug|Any CPU
		{8A265175-3AA1-4777-9FDA-668B2E4A61D0}.Debug|Any CPU.Build.0 = Debug|Any CPU
		{8A265175-3AA1-4777-9FDA-668B2E4A61D0}.Release|Any CPU.ActiveCfg = Release|Any CPU
		{8A265175-3AA1-4777-9FDA-668B2E4A61D0}.Release|Any CPU.Build.0 = Release|Any CPU
	EndGlobalSection
	GlobalSection(SolutionProperties) = preSolution
		HideSolutionNode = FALSE
	EndGlobalSection
	GlobalSection(ExtensibilityGlobals) = postSolution
		SolutionGuid = {C47D83A4-3447-4F24-B7F1-1683A1CDF1E3}
	EndGlobalSection
EndGlobal
