
Microsoft Visual Studio Solution File, Format Version 12.00
# Visual Studio Version 17
VisualStudioVersion = 17.9.34728.123
MinimumVisualStudioVersion = 10.0.40219.1
Project("{FAE04EC0-301F-11D3-BF4B-00C04F79EFBC}") = "My_First_C#_APP", "My_First_C#_APP\My_First_C#_APP.csproj", "{F6853337-FB67-476B-A257-0CCE44BD4379}"
EndProject
Global
	GlobalSection(SolutionConfigurationPlatforms) = preSolution
		Debug|Any CPU = Debug|Any CPU
		Release|Any CPU = Release|Any CPU
	EndGlobalSection
	GlobalSection(ProjectConfigurationPlatforms) = postSolution
		{F6853337-FB67-476B-A257-0CCE44BD4379}.Debug|Any CPU.ActiveCfg = Debug|Any CPU
		{F6853337-FB67-476B-A257-0CCE44BD4379}.Debug|Any CPU.Build.0 = Debug|Any CPU
		{F6853337-FB67-476B-A257-0CCE44BD4379}.Release|Any CPU.ActiveCfg = Release|Any CPU
		{F6853337-FB67-476B-A257-0CCE44BD4379}.Release|Any CPU.Build.0 = Release|Any CPU
	EndGlobalSection
	GlobalSection(SolutionProperties) = preSolution
		HideSolutionNode = FALSE
	EndGlobalSection
	GlobalSection(ExtensibilityGlobals) = postSolution
		SolutionGuid = {6075D15A-6087-4248-B3E6-9AE139FEA2BC}
	EndGlobalSection
EndGlobal
